PODS:
  - ReachabilitySwift (5.2.4)
  - RevealingSplashView (0.6.0)
  - RxCocoa (6.9.0):
    - RxRelay (= 6.9.0)
    - RxSwift (= 6.9.0)
  - RxRelay (6.9.0):
    - RxSwift (= 6.9.0)
  - RxSwift (6.9.0)
  - SwiftyMarkdown (1.2.4)
  - UICircularProgressRing (8.0.0)

DEPENDENCIES:
  - ReachabilitySwift
  - RevealingSplashView
  - RxCocoa (~> 6.0)
  - RxRelay (~> 6.0)
  - RxSwift (~> 6.0)
  - SwiftyMarkdown
  - UICircularProgressRing

SPEC REPOS:
  trunk:
    - ReachabilitySwift
    - RevealingSplashView
    - RxCocoa
    - RxRelay
    - RxSwift
    - SwiftyMarkdown
    - UICircularProgressRing

SPEC CHECKSUMS:
  ReachabilitySwift: 32793e867593cfc1177f5d16491e3a197d2fccda
  RevealingSplashView: 40c5a770894459736acdc95655eeba0dd30ce91c
  RxCocoa: ac16414696ae706516be3e1ab00fcce5bdc9be8a
  RxRelay: 6b0c930e5cef57d5fe2032571e5e65b78e3cbdb1
  RxSwift: 31649ace6aceeb422e16ff71c60804f9c3281ed9
  SwiftyMarkdown: 7cdec87c6ab5cd9ea0e22ced288e889960649ba5
  UICircularProgressRing: 19927375b2b21b5fa5fd9582f15ccdef9659da16

PODFILE CHECKSUM: b26b4e880bb445dcf9b62f8f2cf6d02a12732157

COCOAPODS: 1.16.2
